// !$*UTF8*$!
{
	archiveVersion = 1;
	classes = {
	};
	objectVersion = 56;
	objects = {

/* Begin PBXBuildFile section */
		8D5E90612A79DCB4000CF102 /* TwitterIOSCloneApp.swift in Sources */ = {isa = PBXBuildFile; fileRef = 8D5E90602A79DCB4000CF102 /* TwitterIOSCloneApp.swift */; };
		8D5E90632A79DCB4000CF102 /* ContentView.swift in Sources */ = {isa = PBXBuildFile; fileRef = 8D5E90622A79DCB4000CF102 /* ContentView.swift */; };
		8D5E90652A79DCB5000CF102 /* Assets.xcassets in Resources */ = {isa = PBXBuildFile; fileRef = 8D5E90642A79DCB5000CF102 /* Assets.xcassets */; };
		8D5E90682A79DCB5000CF102 /* Preview Assets.xcassets in Resources */ = {isa = PBXBuildFile; fileRef = 8D5E90672A79DCB5000CF102 /* Preview Assets.xcassets */; };
		8D68426A2A79E3280032826D /* FeedView.swift in Sources */ = {isa = PBXBuildFile; fileRef = 8D6842692A79E3280032826D /* FeedView.swift */; };
		8D68426D2A79E48B0032826D /* TweetRowView.swift in Sources */ = {isa = PBXBuildFile; fileRef = 8D68426C2A79E48B0032826D /* TweetRowView.swift */; };
		8D6842722A79F21A0032826D /* MainTabView.swift in Sources */ = {isa = PBXBuildFile; fileRef = 8D6842712A79F21A0032826D /* MainTabView.swift */; };
		8D6842782A7A4E6A0032826D /* ExploreView.swift in Sources */ = {isa = PBXBuildFile; fileRef = 8D6842772A7A4E6A0032826D /* ExploreView.swift */; };
		8D68427A2A7A4EAA0032826D /* NotificationsView.swift in Sources */ = {isa = PBXBuildFile; fileRef = 8D6842792A7A4EAA0032826D /* NotificationsView.swift */; };
		8D68427C2A7A4EB70032826D /* ProfileView.swift in Sources */ = {isa = PBXBuildFile; fileRef = 8D68427B2A7A4EB70032826D /* ProfileView.swift */; };
		8D68427E2A7A4ED00032826D /* MessagesView.swift in Sources */ = {isa = PBXBuildFile; fileRef = 8D68427D2A7A4ED00032826D /* MessagesView.swift */; };
/* End PBXBuildFile section */

/* Begin PBXFileReference section */
		8D5E905D2A79DCB4000CF102 /* TwitterIOSClone.app */ = {isa = PBXFileReference; explicitFileType = wrapper.application; includeInIndex = 0; path = TwitterIOSClone.app; sourceTree = BUILT_PRODUCTS_DIR; };
		8D5E90602A79DCB4000CF102 /* TwitterIOSCloneApp.swift */ = {isa = PBXFileReference; lastKnownFileType = sourcecode.swift; path = TwitterIOSCloneApp.swift; sourceTree = "<group>"; };
		8D5E90622A79DCB4000CF102 /* ContentView.swift */ = {isa = PBXFileReference; lastKnownFileType = sourcecode.swift; path = ContentView.swift; sourceTree = "<group>"; };
		8D5E90642A79DCB5000CF102 /* Assets.xcassets */ = {isa = PBXFileReference; lastKnownFileType = folder.assetcatalog; path = Assets.xcassets; sourceTree = "<group>"; };
		8D5E90672A79DCB5000CF102 /* Preview Assets.xcassets */ = {isa = PBXFileReference; lastKnownFileType = folder.assetcatalog; path = "Preview Assets.xcassets"; sourceTree = "<group>"; };
		8D6842692A79E3280032826D /* FeedView.swift */ = {isa = PBXFileReference; lastKnownFileType = sourcecode.swift; path = FeedView.swift; sourceTree = "<group>"; };
		8D68426C2A79E48B0032826D /* TweetRowView.swift */ = {isa = PBXFileReference; lastKnownFileType = sourcecode.swift; path = TweetRowView.swift; sourceTree = "<group>"; };
		8D6842712A79F21A0032826D /* MainTabView.swift */ = {isa = PBXFileReference; lastKnownFileType = sourcecode.swift; path = MainTabView.swift; sourceTree = "<group>"; };
		8D6842772A7A4E6A0032826D /* ExploreView.swift */ = {isa = PBXFileReference; lastKnownFileType = sourcecode.swift; path = ExploreView.swift; sourceTree = "<group>"; };
		8D6842792A7A4EAA0032826D /* NotificationsView.swift */ = {isa = PBXFileReference; lastKnownFileType = sourcecode.swift; path = NotificationsView.swift; sourceTree = "<group>"; };
		8D68427B2A7A4EB70032826D /* ProfileView.swift */ = {isa = PBXFileReference; lastKnownFileType = sourcecode.swift; path = ProfileView.swift; sourceTree = "<group>"; };
		8D68427D2A7A4ED00032826D /* MessagesView.swift */ = {isa = PBXFileReference; lastKnownFileType = sourcecode.swift; path = MessagesView.swift; sourceTree = "<group>"; };
/* End PBXFileReference section */

/* Begin PBXFrameworksBuildPhase section */
		8D5E905A2A79DCB4000CF102 /* Frameworks */ = {
			isa = PBXFrameworksBuildPhase;
			buildActionMask = 2147483647;
			files = (
			);
			runOnlyForDeploymentPostprocessing = 0;
		};
/* End PBXFrameworksBuildPhase section */

/* Begin PBXGroup section */
		8D5E90542A79DCB4000CF102 = {
			isa = PBXGroup;
			children = (
				8D5E905F2A79DCB4000CF102 /* TwitterIOSClone */,
				8D5E905E2A79DCB4000CF102 /* Products */,
			);
			sourceTree = "<group>";
		};
		8D5E905E2A79DCB4000CF102 /* Products */ = {
			isa = PBXGroup;
			children = (
				8D5E905D2A79DCB4000CF102 /* TwitterIOSClone.app */,
			);
			name = Products;
			sourceTree = "<group>";
		};
		8D5E905F2A79DCB4000CF102 /* TwitterIOSClone */ = {
			isa = PBXGroup;
			children = (
				8D6842642A79E20C0032826D /* Core */,
				8D6842632A79E20B0032826D /* Service */,
				8D6842622A79E2090032826D /* model */,
				8D6842612A79E1FB0032826D /* Extensions */,
				8D5E90602A79DCB4000CF102 /* TwitterIOSCloneApp.swift */,
				8D5E90622A79DCB4000CF102 /* ContentView.swift */,
				8D5E90642A79DCB5000CF102 /* Assets.xcassets */,
				8D5E90662A79DCB5000CF102 /* Preview Content */,
			);
			path = TwitterIOSClone;
			sourceTree = "<group>";
		};
		8D5E90662A79DCB5000CF102 /* Preview Content */ = {
			isa = PBXGroup;
			children = (
				8D5E90672A79DCB5000CF102 /* Preview Assets.xcassets */,
			);
			path = "Preview Content";
			sourceTree = "<group>";
		};
		8D6842612A79E1FB0032826D /* Extensions */ = {
			isa = PBXGroup;
			children = (
			);
			path = Extensions;
			sourceTree = "<group>";
		};
		8D6842622A79E2090032826D /* model */ = {
			isa = PBXGroup;
			children = (
			);
			path = model;
			sourceTree = "<group>";
		};
		8D6842632A79E20B0032826D /* Service */ = {
			isa = PBXGroup;
			children = (
			);
			path = Service;
			sourceTree = "<group>";
		};
		8D6842642A79E20C0032826D /* Core */ = {
			isa = PBXGroup;
			children = (
				8D6842652A79E2510032826D /* Components */,
				8D6842752A7A4E230032826D /* Messages */,
				8D6842762A7A4E3C0032826D /* Profile */,
				8D6842742A7A4E1A0032826D /* Notifications */,
				8D6842732A7A4E030032826D /* Explore */,
				8D68426E2A79F1E70032826D /* MainTab */,
				8D6842662A79E25F0032826D /* Feed */,
			);
			path = Core;
			sourceTree = "<group>";
		};
		8D6842652A79E2510032826D /* Components */ = {
			isa = PBXGroup;
			children = (
				8D68426B2A79E4580032826D /* Tweets */,
			);
			path = Components;
			sourceTree = "<group>";
		};
		8D6842662A79E25F0032826D /* Feed */ = {
			isa = PBXGroup;
			children = (
				8D6842682A79E2C60032826D /* ViewModels */,
				8D6842672A79E2BF0032826D /* View */,
			);
			path = Feed;
			sourceTree = "<group>";
		};
		8D6842672A79E2BF0032826D /* View */ = {
			isa = PBXGroup;
			children = (
				8D6842692A79E3280032826D /* FeedView.swift */,
			);
			path = View;
			sourceTree = "<group>";
		};
		8D6842682A79E2C60032826D /* ViewModels */ = {
			isa = PBXGroup;
			children = (
			);
			path = ViewModels;
			sourceTree = "<group>";
		};
		8D68426B2A79E4580032826D /* Tweets */ = {
			isa = PBXGroup;
			children = (
				8D68426C2A79E48B0032826D /* TweetRowView.swift */,
			);
			path = Tweets;
			sourceTree = "<group>";
		};
		8D68426E2A79F1E70032826D /* MainTab */ = {
			isa = PBXGroup;
			children = (
				8D6842702A79F2060032826D /* View */,
				8D68426F2A79F1FD0032826D /* ViewModels */,
			);
			path = MainTab;
			sourceTree = "<group>";
		};
		8D68426F2A79F1FD0032826D /* ViewModels */ = {
			isa = PBXGroup;
			children = (
			);
			path = ViewModels;
			sourceTree = "<group>";
		};
		8D6842702A79F2060032826D /* View */ = {
			isa = PBXGroup;
			children = (
				8D6842712A79F21A0032826D /* MainTabView.swift */,
			);
			path = View;
			sourceTree = "<group>";
		};
		8D6842732A7A4E030032826D /* Explore */ = {
			isa = PBXGroup;
			children = (
				8D6842772A7A4E6A0032826D /* ExploreView.swift */,
			);
			path = Explore;
			sourceTree = "<group>";
		};
		8D6842742A7A4E1A0032826D /* Notifications */ = {
			isa = PBXGroup;
			children = (
				8D6842792A7A4EAA0032826D /* NotificationsView.swift */,
			);
			path = Notifications;
			sourceTree = "<group>";
		};
		8D6842752A7A4E230032826D /* Messages */ = {
			isa = PBXGroup;
			children = (
				8D68427D2A7A4ED00032826D /* MessagesView.swift */,
			);
			path = Messages;
			sourceTree = "<group>";
		};
		8D6842762A7A4E3C0032826D /* Profile */ = {
			isa = PBXGroup;
			children = (
				8D6842802A7A50BB0032826D /* View */,
				8D68427F2A7A50AB0032826D /* ViewModels */,
			);
			path = Profile;
			sourceTree = "<group>";
		};
		8D68427F2A7A50AB0032826D /* ViewModels */ = {
			isa = PBXGroup;
			children = (
			);
			path = ViewModels;
			sourceTree = "<group>";
		};
		8D6842802A7A50BB0032826D /* View */ = {
			isa = PBXGroup;
			children = (
				8D68427B2A7A4EB70032826D /* ProfileView.swift */,
			);
			path = View;
			sourceTree = "<group>";
		};
/* End PBXGroup section */

/* Begin PBXNativeTarget section */
		8D5E905C2A79DCB4000CF102 /* TwitterIOSClone */ = {
			isa = PBXNativeTarget;
			buildConfigurationList = 8D5E906B2A79DCB5000CF102 /* Build configuration list for PBXNativeTarget "TwitterIOSClone" */;
			buildPhases = (
				8D5E90592A79DCB4000CF102 /* Sources */,
				8D5E905A2A79DCB4000CF102 /* Frameworks */,
				8D5E905B2A79DCB4000CF102 /* Resources */,
			);
			buildRules = (
			);
			dependencies = (
			);
			name = TwitterIOSClone;
			productName = TwitterIOSClone;
			productReference = 8D5E905D2A79DCB4000CF102 /* TwitterIOSClone.app */;
			productType = "com.apple.product-type.application";
		};
/* End PBXNativeTarget section */

/* Begin PBXProject section */
		8D5E90552A79DCB4000CF102 /* Project object */ = {
			isa = PBXProject;
			attributes = {
				BuildIndependentTargetsInParallel = 1;
				LastSwiftUpdateCheck = 1430;
				LastUpgradeCheck = 1430;
				TargetAttributes = {
					8D5E905C2A79DCB4000CF102 = {
						CreatedOnToolsVersion = 14.3.1;
					};
				};
			};
			buildConfigurationList = 8D5E90582A79DCB4000CF102 /* Build configuration list for PBXProject "TwitterIOSClone" */;
			compatibilityVersion = "Xcode 14.0";
			developmentRegion = en;
			hasScannedForEncodings = 0;
			knownRegions = (
				en,
				Base,
			);
			mainGroup = 8D5E90542A79DCB4000CF102;
			productRefGroup = 8D5E905E2A79DCB4000CF102 /* Products */;
			projectDirPath = "";
			projectRoot = "";
			targets = (
				8D5E905C2A79DCB4000CF102 /* TwitterIOSClone */,
			);
		};
/* End PBXProject section */

/* Begin PBXResourcesBuildPhase section */
		8D5E905B2A79DCB4000CF102 /* Resources */ = {
			isa = PBXResourcesBuildPhase;
			buildActionMask = 2147483647;
			files = (
				8D5E90682A79DCB5000CF102 /* Preview Assets.xcassets in Resources */,
				8D5E90652A79DCB5000CF102 /* Assets.xcassets in Resources */,
			);
			runOnlyForDeploymentPostprocessing = 0;
		};
/* End PBXResourcesBuildPhase section */

/* Begin PBXSourcesBuildPhase section */
		8D5E90592A79DCB4000CF102 /* Sources */ = {
			isa = PBXSourcesBuildPhase;
			buildActionMask = 2147483647;
			files = (
				8D68427C2A7A4EB70032826D /* ProfileView.swift in Sources */,
				8D5E90632A79DCB4000CF102 /* ContentView.swift in Sources */,
				8D68427E2A7A4ED00032826D /* MessagesView.swift in Sources */,
				8D68426D2A79E48B0032826D /* TweetRowView.swift in Sources */,
				8D68426A2A79E3280032826D /* FeedView.swift in Sources */,
				8D5E90612A79DCB4000CF102 /* TwitterIOSCloneApp.swift in Sources */,
				8D6842782A7A4E6A0032826D /* ExploreView.swift in Sources */,
				8D6842722A79F21A0032826D /* MainTabView.swift in Sources */,
				8D68427A2A7A4EAA0032826D /* NotificationsView.swift in Sources */,
			);
			runOnlyForDeploymentPostprocessing = 0;
		};
/* End PBXSourcesBuildPhase section */

/* Begin XCBuildConfiguration section */
		8D5E90692A79DCB5000CF102 /* Debug */ = {
			isa = XCBuildConfiguration;
			buildSettings = {
				ALWAYS_SEARCH_USER_PATHS = NO;
				CLANG_ANALYZER_NONNULL = YES;
				CLANG_ANALYZER_NUMBER_OBJECT_CONVERSION = YES_AGGRESSIVE;
				CLANG_CXX_LANGUAGE_STANDARD = "gnu++20";
				CLANG_ENABLE_MODULES = YES;
				CLANG_ENABLE_OBJC_ARC = YES;
				CLANG_ENABLE_OBJC_WEAK = YES;
				CLANG_WARN_BLOCK_CAPTURE_AUTORELEASING = YES;
				CLANG_WARN_BOOL_CONVERSION = YES;
				CLANG_WARN_COMMA = YES;
				CLANG_WARN_CONSTANT_CONVERSION = YES;
				CLANG_WARN_DEPRECATED_OBJC_IMPLEMENTATIONS = YES;
				CLANG_WARN_DIRECT_OBJC_ISA_USAGE = YES_ERROR;
				CLANG_WARN_DOCUMENTATION_COMMENTS = YES;
				CLANG_WARN_EMPTY_BODY = YES;
				CLANG_WARN_ENUM_CONVERSION = YES;
				CLANG_WARN_INFINITE_RECURSION = YES;
				CLANG_WARN_INT_CONVERSION = YES;
				CLANG_WARN_NON_LITERAL_NULL_CONVERSION = YES;
				CLANG_WARN_OBJC_IMPLICIT_RETAIN_SELF = YES;
				CLANG_WARN_OBJC_LITERAL_CONVERSION = YES;
				CLANG_WARN_OBJC_ROOT_CLASS = YES_ERROR;
				CLANG_WARN_QUOTED_INCLUDE_IN_FRAMEWORK_HEADER = YES;
				CLANG_WARN_RANGE_LOOP_ANALYSIS = YES;
				CLANG_WARN_STRICT_PROTOTYPES = YES;
				CLANG_WARN_SUSPICIOUS_MOVE = YES;
				CLANG_WARN_UNGUARDED_AVAILABILITY = YES_AGGRESSIVE;
				CLANG_WARN_UNREACHABLE_CODE = YES;
				CLANG_WARN__DUPLICATE_METHOD_MATCH = YES;
				COPY_PHASE_STRIP = NO;
				DEBUG_INFORMATION_FORMAT = dwarf;
				ENABLE_STRICT_OBJC_MSGSEND = YES;
				ENABLE_TESTABILITY = YES;
				GCC_C_LANGUAGE_STANDARD = gnu11;
				GCC_DYNAMIC_NO_PIC = NO;
				GCC_NO_COMMON_BLOCKS = YES;
				GCC_OPTIMIZATION_LEVEL = 0;
				GCC_PREPROCESSOR_DEFINITIONS = (
					"DEBUG=1",
					"$(inherited)",
				);
				GCC_WARN_64_TO_32_BIT_CONVERSION = YES;
				GCC_WARN_ABOUT_RETURN_TYPE = YES_ERROR;
				GCC_WARN_UNDECLARED_SELECTOR = YES;
				GCC_WARN_UNINITIALIZED_AUTOS = YES_AGGRESSIVE;
				GCC_WARN_UNUSED_FUNCTION = YES;
				GCC_WARN_UNUSED_VARIABLE = YES;
				IPHONEOS_DEPLOYMENT_TARGET = 16.4;
				MTL_ENABLE_DEBUG_INFO = INCLUDE_SOURCE;
				MTL_FAST_MATH = YES;
				ONLY_ACTIVE_ARCH = YES;
				SDKROOT = iphoneos;
				SWIFT_ACTIVE_COMPILATION_CONDITIONS = DEBUG;
				SWIFT_OPTIMIZATION_LEVEL = "-Onone";
			};
			name = Debug;
		};
		8D5E906A2A79DCB5000CF102 /* Release */ = {
			isa = XCBuildConfiguration;
			buildSettings = {
				ALWAYS_SEARCH_USER_PATHS = NO;
				CLANG_ANALYZER_NONNULL = YES;
				CLANG_ANALYZER_NUMBER_OBJECT_CONVERSION = YES_AGGRESSIVE;
				CLANG_CXX_LANGUAGE_STANDARD = "gnu++20";
				CLANG_ENABLE_MODULES = YES;
				CLANG_ENABLE_OBJC_ARC = YES;
				CLANG_ENABLE_OBJC_WEAK = YES;
				CLANG_WARN_BLOCK_CAPTURE_AUTORELEASING = YES;
				CLANG_WARN_BOOL_CONVERSION = YES;
				CLANG_WARN_COMMA = YES;
				CLANG_WARN_CONSTANT_CONVERSION = YES;
				CLANG_WARN_DEPRECATED_OBJC_IMPLEMENTATIONS = YES;
				CLANG_WARN_DIRECT_OBJC_ISA_USAGE = YES_ERROR;
				CLANG_WARN_DOCUMENTATION_COMMENTS = YES;
				CLANG_WARN_EMPTY_BODY = YES;
				CLANG_WARN_ENUM_CONVERSION = YES;
				CLANG_WARN_INFINITE_RECURSION = YES;
				CLANG_WARN_INT_CONVERSION = YES;
				CLANG_WARN_NON_LITERAL_NULL_CONVERSION = YES;
				CLANG_WARN_OBJC_IMPLICIT_RETAIN_SELF = YES;
				CLANG_WARN_OBJC_LITERAL_CONVERSION = YES;
				CLANG_WARN_OBJC_ROOT_CLASS = YES_ERROR;
				CLANG_WARN_QUOTED_INCLUDE_IN_FRAMEWORK_HEADER = YES;
				CLANG_WARN_RANGE_LOOP_ANALYSIS = YES;
				CLANG_WARN_STRICT_PROTOTYPES = YES;
				CLANG_WARN_SUSPICIOUS_MOVE = YES;
				CLANG_WARN_UNGUARDED_AVAILABILITY = YES_AGGRESSIVE;
				CLANG_WARN_UNREACHABLE_CODE = YES;
				CLANG_WARN__DUPLICATE_METHOD_MATCH = YES;
				COPY_PHASE_STRIP = NO;
				DEBUG_INFORMATION_FORMAT = "dwarf-with-dsym";
				ENABLE_NS_ASSERTIONS = NO;
				ENABLE_STRICT_OBJC_MSGSEND = YES;
				GCC_C_LANGUAGE_STANDARD = gnu11;
				GCC_NO_COMMON_BLOCKS = YES;
				GCC_WARN_64_TO_32_BIT_CONVERSION = YES;
				GCC_WARN_ABOUT_RETURN_TYPE = YES_ERROR;
				GCC_WARN_UNDECLARED_SELECTOR = YES;
				GCC_WARN_UNINITIALIZED_AUTOS = YES_AGGRESSIVE;
				GCC_WARN_UNUSED_FUNCTION = YES;
				GCC_WARN_UNUSED_VARIABLE = YES;
				IPHONEOS_DEPLOYMENT_TARGET = 16.4;
				MTL_ENABLE_DEBUG_INFO = NO;
				MTL_FAST_MATH = YES;
				SDKROOT = iphoneos;
				SWIFT_COMPILATION_MODE = wholemodule;
				SWIFT_OPTIMIZATION_LEVEL = "-O";
				VALIDATE_PRODUCT = YES;
			};
			name = Release;
		};
		8D5E906C2A79DCB5000CF102 /* Debug */ = {
			isa = XCBuildConfiguration;
			buildSettings = {
				ASSETCATALOG_COMPILER_APPICON_NAME = AppIcon;
				ASSETCATALOG_COMPILER_GLOBAL_ACCENT_COLOR_NAME = AccentColor;
				CODE_SIGN_STYLE = Automatic;
				CURRENT_PROJECT_VERSION = 1;
				DEVELOPMENT_ASSET_PATHS = "\"TwitterIOSClone/Preview Content\"";
				ENABLE_PREVIEWS = YES;
				GENERATE_INFOPLIST_FILE = YES;
				INFOPLIST_KEY_UIApplicationSceneManifest_Generation = YES;
				INFOPLIST_KEY_UIApplicationSupportsIndirectInputEvents = YES;
				INFOPLIST_KEY_UILaunchScreen_Generation = YES;
				INFOPLIST_KEY_UISupportedInterfaceOrientations_iPad = "UIInterfaceOrientationPortrait UIInterfaceOrientationPortraitUpsideDown UIInterfaceOrientationLandscapeLeft UIInterfaceOrientationLandscapeRight";
				INFOPLIST_KEY_UISupportedInterfaceOrientations_iPhone = "UIInterfaceOrientationPortrait UIInterfaceOrientationLandscapeLeft UIInterfaceOrientationLandscapeRight";
				LD_RUNPATH_SEARCH_PATHS = (
					"$(inherited)",
					"@executable_path/Frameworks",
				);
				MARKETING_VERSION = 1.0;
				PRODUCT_BUNDLE_IDENTIFIER = Ahmad.TwitterIOSClone;
				PRODUCT_NAME = "$(TARGET_NAME)";
				SWIFT_EMIT_LOC_STRINGS = YES;
				SWIFT_VERSION = 5.0;
				TARGETED_DEVICE_FAMILY = "1,2";
			};
			name = Debug;
		};
		8D5E906D2A79DCB5000CF102 /* Release */ = {
			isa = XCBuildConfiguration;
			buildSettings = {
				ASSETCATALOG_COMPILER_APPICON_NAME = AppIcon;
				ASSETCATALOG_COMPILER_GLOBAL_ACCENT_COLOR_NAME = AccentColor;
				CODE_SIGN_STYLE = Automatic;
				CURRENT_PROJECT_VERSION = 1;
				DEVELOPMENT_ASSET_PATHS = "\"TwitterIOSClone/Preview Content\"";
				ENABLE_PREVIEWS = YES;
				GENERATE_INFOPLIST_FILE = YES;
				INFOPLIST_KEY_UIApplicationSceneManifest_Generation = YES;
				INFOPLIST_KEY_UIApplicationSupportsIndirectInputEvents = YES;
				INFOPLIST_KEY_UILaunchScreen_Generation = YES;
				INFOPLIST_KEY_UISupportedInterfaceOrientations_iPad = "UIInterfaceOrientationPortrait UIInterfaceOrientationPortraitUpsideDown UIInterfaceOrientationLandscapeLeft UIInterfaceOrientationLandscapeRight";
				INFOPLIST_KEY_UISupportedInterfaceOrientations_iPhone = "UIInterfaceOrientationPortrait UIInterfaceOrientationLandscapeLeft UIInterfaceOrientationLandscapeRight";
				LD_RUNPATH_SEARCH_PATHS = (
					"$(inherited)",
					"@executable_path/Frameworks",
				);
				MARKETING_VERSION = 1.0;
				PRODUCT_BUNDLE_IDENTIFIER = Ahmad.TwitterIOSClone;
				PRODUCT_NAME = "$(TARGET_NAME)";
				SWIFT_EMIT_LOC_STRINGS = YES;
				SWIFT_VERSION = 5.0;
				TARGETED_DEVICE_FAMILY = "1,2";
			};
			name = Release;
		};
/* End XCBuildConfiguration section */

/* Begin XCConfigurationList section */
		8D5E90582A79DCB4000CF102 /* Build configuration list for PBXProject "TwitterIOSClone" */ = {
			isa = XCConfigurationList;
			buildConfigurations = (
				8D5E90692A79DCB5000CF102 /* Debug */,
				8D5E906A2A79DCB5000CF102 /* Release */,
			);
			defaultConfigurationIsVisible = 0;
			defaultConfigurationName = Release;
		};
		8D5E906B2A79DCB5000CF102 /* Build configuration list for PBXNativeTarget "TwitterIOSClone" */ = {
			isa = XCConfigurationList;
			buildConfigurations = (
				8D5E906C2A79DCB5000CF102 /* Debug */,
				8D5E906D2A79DCB5000CF102 /* Release */,
			);
			defaultConfigurationIsVisible = 0;
			defaultConfigurationName = Release;
		};
/* End XCConfigurationList section */
	};
	rootObject = 8D5E90552A79DCB4000CF102 /* Project object */;
}
